<?xml version="1.0" encoding="utf-8"?>
<Project ToolsVersion="4.0" xmlns="http://schemas.microsoft.com/developer/msbuild/2003">
  <ItemGroup>
    <Filter Include="Source Files">
      <UniqueIdentifier>{BB3141E7-72B4-40F3-BA3B-BBC90F7347C2}</UniqueIdentifier>
      <Extensions>cpp;c;cxx</Extensions>
    </Filter>
    <Filter Include="Header Files">
      <UniqueIdentifier>{32763589-065F-42D0-8BC7-461757415944}</UniqueIdentifier>
      <Extensions>h;hpp;hxx</Extensions>
    </Filter>
    <Filter Include="Resource Files">
      <UniqueIdentifier>{7D03E9EC-2F4A-4D8E-A014-D479EC7D7CB7}</UniqueIdentifier>
      <Extensions>rc;inf</Extensions>
    </Filter>
  </ItemGroup>
  <ItemGroup>
    <ClCompile Include="knFcFlt.cpp">
      <Filter>Source Files</Filter>
    </ClCompile>
    <ClCompile Include="knFcCallbacks.cpp">
      <Filter>Source Files</Filter>
    </ClCompile>
    <ClCompile Include="knFcComm.cpp">
      <Filter>Source Files</Filter>
    </ClCompile>
    <ClCompile Include="knFcConfig.cpp">
      <Filter>Source Files</Filter>
    </ClCompile>
    <ClCompile Include="knFcContexts.cpp">
      <Filter>Source Files</Filter>
    </ClCompile>
    <ClCompile Include="knFcExclude.cpp">
      <Filter>Source Files</Filter>
    </ClCompile>
    <ClCompile Include="knFcQueue.cpp">
      <Filter>Source Files</Filter>
    </ClCompile>
    <ClCompile Include="knFcTrack.cpp">
      <Filter>Source Files</Filter>
    </ClCompile>
    <ClCompile Include="knFcUtil.cpp">
      <Filter>Source Files</Filter>
    </ClCompile>
  </ItemGroup>
  <ItemGroup>
    <ClInclude Include="knFcFlt.h">
      <Filter>Header Files</Filter>
    </ClInclude>
    <ClInclude Include="knFcVersion.h">
      <Filter>Header Files</Filter>
    </ClInclude>
    <ClInclude Include="..\common\knFcProto.h">
      <Filter>Header Files</Filter>
    </ClInclude>
  </ItemGroup>
  <ItemGroup>
    <ResourceCompile Include="knFcFlt.rc">
      <Filter>Resource Files</Filter>
    </ResourceCompile>
    <None Include="knFcFlt.inf">
      <Filter>Resource Files</Filter>
    </None>
  </ItemGroup>
</Project>
